<?xml version="1.0" encoding="utf-8"?>
<Project ToolsVersion="4.0" xmlns="http://schemas.microsoft.com/developer/msbuild/2003">
  <ItemGroup>
    <Filter Include="Source Files">
      <UniqueIdentifier>{4FC737F1-C7A5-4376-A066-2A32D752A2FF}</UniqueIdentifier>
      <Extensions>cpp;c;cc;cxx;def;odl;idl;hpj;bat;asm;asmx</Extensions>
    </Filter>
    <Filter Include="Header Files">
      <UniqueIdentifier>{93995380-89BD-4b04-88EB-625FBE52EBFB}</UniqueIdentifier>
      <Extensions>h;hh;hpp;hxx;hm;inl;inc;xsd</Extensions>
    </Filter>
    <Filter Include="Resource Files">
      <UniqueIdentifier>{67DA6AB6-F800-4c08-8B7A-83BB121AAD01}</UniqueIdentifier>
      <Extensions>rc;ico;cur;bmp;dlg;rc2;rct;bin;rgs;gif;jpg;jpeg;jpe;resx;tiff;tif;png;wav;mfcribbon-ms</Extensions>
    </Filter>
  </ItemGroup>
  <ItemGroup>
    <ClCompile Include="src\sample.cpp">
      <Filter>Source Files</Filter>
    </ClCompile>
    <ClCompile Include="src\sample.cpp">
      <Filter>Source Files</Filter>
    </ClCompile>
    <ClCompile Include="src\sample.cpp">
      <Filter>Source Files</Filter>
    </ClCompile>
    <ClCompile Include="threshold.cpp">
      <Filter>Source Files</Filter>
    </ClCompile>
    <ClCompile Include="Morph.cpp">
      <Filter>Source Files</Filter>
    </ClCompile>
    <ClCompile Include="test.cpp">
      <Filter>Source Files</Filter>
    </ClCompile>
    <ClCompile Include="Source.cpp">
      <Filter>Source Files</Filter>
    </ClCompile>
    <ClCompile Include="LineFinder.cpp">
      <Filter>Source Files</Filter>
    </ClCompile>
    <ClCompile Include="floodfill.cpp">
      <Filter>Source Files</Filter>
    </ClCompile>
    <ClCompile Include="test_byteop.cpp">
      <Filter>Source Files</Filter>
    </ClCompile>
    <ClCompile Include="MatrixOp.cpp">
      <Filter>Source Files</Filter>
    </ClCompile>
    <ClCompile Include="je_new.cpp">
      <Filter>Source Files</Filter>
    </ClCompile>
    <ClCompile Include="Outline.cpp">
      <Filter>Source Files</Filter>
    </ClCompile>
    <ClCompile Include="BLOBNBOX.cpp">
      <Filter>Source Files</Filter>
    </ClCompile>
    <ClCompile Include="DIR.cpp">
      <Filter>Source Files</Filter>
    </ClCompile>
    <ClCompile Include="test_Outline.cpp">
      <Filter>Source Files</Filter>
    </ClCompile>
    <ClCompile Include="BBGrid.cpp">
      <Filter>Source Files</Filter>
    </ClCompile>
    <ClCompile Include="test_JContainer.cpp">
      <Filter>Source Files</Filter>
    </ClCompile>
    <ClCompile Include="BlobGrid.cpp">
      <Filter>Source Files</Filter>
    </ClCompile>
    <ClCompile Include="AlignedBlob.cpp">
      <Filter>Source Files</Filter>
    </ClCompile>
  </ItemGroup>
  <ItemGroup>
    <ClInclude Include="types.h">
      <Filter>Header Files</Filter>
    </ClInclude>
    <ClInclude Include="Vec2.h">
      <Filter>Header Files</Filter>
    </ClInclude>
    <ClInclude Include="Vec3.h">
      <Filter>Header Files</Filter>
    </ClInclude>
    <ClInclude Include="Vec4.h">
      <Filter>Header Files</Filter>
    </ClInclude>
    <ClInclude Include="MatrixUtil.h">
      <Filter>Header Files</Filter>
    </ClInclude>
    <ClInclude Include="filter.h">
      <Filter>Header Files</Filter>
    </ClInclude>
    <ClInclude Include="MatException.h">
      <Filter>Header Files</Filter>
    </ClInclude>
    <ClInclude Include="macros.h">
      <Filter>Header Files</Filter>
    </ClInclude>
    <ClInclude Include="threshold.h">
      <Filter>Header Files</Filter>
    </ClInclude>
    <ClInclude Include="Morph.h">
      <Filter>Header Files</Filter>
    </ClInclude>
    <ClInclude Include="LineFinder.h">
      <Filter>Header Files</Filter>
    </ClInclude>
    <ClInclude Include="..\..\include\junlib\je_allocator.h">
      <Filter>Header Files</Filter>
    </ClInclude>
    <ClInclude Include="..\..\include\junlib\util.h" />
    <ClInclude Include="floodfill.h">
      <Filter>Header Files</Filter>
    </ClInclude>
    <ClInclude Include="..\..\include\junlib\je_allocator.h">
      <Filter>Header Files</Filter>
    </ClInclude>
    <ClInclude Include="..\..\include\junlib\util.h" />
    <ClInclude Include="..\..\include\junlib\je_allocator.h">
      <Filter>Header Files</Filter>
    </ClInclude>
    <ClInclude Include="..\..\include\junlib\util.h" />
    <ClInclude Include="byteOp.h">
      <Filter>Header Files</Filter>
    </ClInclude>
    <ClInclude Include="..\..\include\junlib\je_allocator.h">
      <Filter>Header Files</Filter>
    </ClInclude>
    <ClInclude Include="..\..\include\junlib\util.h" />
    <ClInclude Include="..\..\include\junlib\je_allocator.h">
      <Filter>Header Files</Filter>
    </ClInclude>
    <ClInclude Include="..\..\include\junlib\util.h" />
    <ClInclude Include="..\..\include\junlib\je_allocator.h">
      <Filter>Header Files</Filter>
    </ClInclude>
    <ClInclude Include="..\..\include\junlib\util.h" />
    <ClInclude Include="..\..\include\junlib\je_allocator.h">
      <Filter>Header Files</Filter>
    </ClInclude>
    <ClInclude Include="..\..\include\junlib\util.h" />
    <ClInclude Include="MatrixOp.h">
      <Filter>Header Files</Filter>
    </ClInclude>
    <ClInclude Include="rasterOp.h">
      <Filter>Header Files</Filter>
    </ClInclude>
    <ClInclude Include="BinaryJMatrix.h">
      <Filter>Header Files</Filter>
    </ClInclude>
    <ClInclude Include="JMatrixBase.h">
      <Filter>Header Files</Filter>
    </ClInclude>
    <ClInclude Include="JMatrixBase.hpp">
      <Filter>Header Files</Filter>
    </ClInclude>
    <ClInclude Include="JMatrix.h">
      <Filter>Header Files</Filter>
    </ClInclude>
    <ClInclude Include="..\..\include\junlib\je_allocator.h">
      <Filter>Header Files</Filter>
    </ClInclude>
    <ClInclude Include="..\..\include\junlib\util.h" />
    <ClInclude Include="..\..\include\junlib\je_allocator.h">
      <Filter>Header Files</Filter>
    </ClInclude>
    <ClInclude Include="..\..\include\junlib\util.h" />
    <ClInclude Include="je_new.h">
      <Filter>Header Files</Filter>
    </ClInclude>
    <ClInclude Include="..\..\include\junlib\je_allocator.h">
      <Filter>Header Files</Filter>
    </ClInclude>
    <ClInclude Include="..\..\include\junlib\util.h" />
    <ClInclude Include="..\..\include\junlib\je_allocator.h">
      <Filter>Header Files</Filter>
    </ClInclude>
    <ClInclude Include="..\..\include\junlib\util.h" />
    <ClInclude Include="Rect.h">
      <Filter>Header Files</Filter>
    </ClInclude>
    <ClInclude Include="Point.h">
      <Filter>Header Files</Filter>
    </ClInclude>
    <ClInclude Include="BasicVec.h">
      <Filter>Header Files</Filter>
    </ClInclude>
    <ClInclude Include="Vec.h">
      <Filter>Header Files</Filter>
    </ClInclude>
    <ClInclude Include="DIR.h">
      <Filter>Header Files</Filter>
    </ClInclude>
    <ClInclude Include="Outline.h">
      <Filter>Header Files</Filter>
    </ClInclude>
    <ClInclude Include="BLOBNBOX.h">
      <Filter>Header Files</Filter>
    </ClInclude>
    <ClInclude Include="test_Outline.h">
      <Filter>Header Files</Filter>
    </ClInclude>
    <ClInclude Include="BBGrid.hpp">
      <Filter>Header Files</Filter>
    </ClInclude>
    <ClInclude Include="..\..\include\junlib\je_allocator.h">
      <Filter>Header Files</Filter>
    </ClInclude>
    <ClInclude Include="..\..\include\junlib\util.h" />
    <ClInclude Include="..\..\include\junlib\je_allocator.h">
      <Filter>Header Files</Filter>
    </ClInclude>
    <ClInclude Include="..\..\include\junlib\util.h" />
    <ClInclude Include="JContainer.h">
      <Filter>Header Files</Filter>
    </ClInclude>
    <ClInclude Include="test_JContainer.h">
      <Filter>Header Files</Filter>
    </ClInclude>
    <ClInclude Include="OUTLINE_LIST.h">
      <Filter>Header Files</Filter>
    </ClInclude>
    <ClInclude Include="..\..\include\junlib\je_allocator.h">
      <Filter>Header Files</Filter>
    </ClInclude>
    <ClInclude Include="..\..\include\junlib\util.h" />
    <ClInclude Include="..\..\include\junlib\je_allocator.h">
      <Filter>Header Files</Filter>
    </ClInclude>
    <ClInclude Include="..\..\include\junlib\util.h" />
    <ClInclude Include="BLOBNBOX_LIST.h">
      <Filter>Header Files</Filter>
    </ClInclude>
    <ClInclude Include="BlobGrid.h">
      <Filter>Header Files</Filter>
    </ClInclude>
    <ClInclude Include="AlignedBlob.h">
      <Filter>Header Files</Filter>
    </ClInclude>
    <ClInclude Include="..\..\include\junlib\je_allocator.h">
      <Filter>Header Files</Filter>
    </ClInclude>
    <ClInclude Include="..\..\include\junlib\util.h" />
    <ClInclude Include="..\..\include\junlib\je_allocator.h">
      <Filter>Header Files</Filter>
    </ClInclude>
    <ClInclude Include="..\..\include\junlib\util.h" />
    <ClInclude Include="BBGrid.h">
      <Filter>Header Files</Filter>
    </ClInclude>
    <ClInclude Include="JSet.h">
      <Filter>Header Files</Filter>
    </ClInclude>
    <ClInclude Include="PtrCmp.h">
      <Filter>Header Files</Filter>
    </ClInclude>
    <ClInclude Include="..\..\include\junlib\je_allocator.h">
      <Filter>Header Files</Filter>
    </ClInclude>
    <ClInclude Include="..\..\include\junlib\util.h" />
    <ClInclude Include="..\..\include\junlib\je_allocator.h">
      <Filter>Header Files</Filter>
    </ClInclude>
    <ClInclude Include="..\..\include\junlib\util.h" />
    <ClInclude Include="BoxCmp.h">
      <Filter>Header Files</Filter>
    </ClInclude>
    <ClInclude Include="log.h">
      <Filter>Header Files</Filter>
    </ClInclude>
    <ClInclude Include="..\..\include\junlib\je_allocator.h">
      <Filter>Header Files</Filter>
    </ClInclude>
    <ClInclude Include="..\..\include\junlib\util.h" />
    <ClInclude Include="..\..\include\junlib\je_allocator.h">
      <Filter>Header Files</Filter>
    </ClInclude>
    <ClInclude Include="..\..\include\junlib\util.h" />
    <ClInclude Include="..\..\include\junlib\je_allocator.h" />
    <ClInclude Include="..\..\include\junlib\util.h" />
    <ClInclude Include="..\..\include\junlib\files.h">
      <Filter>Header Files</Filter>
    </ClInclude>
    <ClInclude Include="..\..\include\junlib\je_allocator.h" />
    <ClInclude Include="..\..\include\junlib\string_alg.h" />
    <ClInclude Include="..\..\include\junlib\util.h" />
    <ClInclude Include="..\..\include\junlib\files.h">
      <Filter>Header Files</Filter>
    </ClInclude>
    <ClInclude Include="..\..\include\junlib\je_allocator.h" />
    <ClInclude Include="..\..\include\junlib\string_alg.h" />
    <ClInclude Include="..\..\include\junlib\util.h" />
    <ClInclude Include="..\..\include\junlib\files.h">
      <Filter>Header Files</Filter>
    </ClInclude>
    <ClInclude Include="..\..\include\junlib\je_allocator.h" />
    <ClInclude Include="..\..\include\junlib\string_alg.h" />
    <ClInclude Include="..\..\include\junlib\util.h" />
    <ClInclude Include="..\..\include\junlib\files.h">
      <Filter>Header Files</Filter>
    </ClInclude>
    <ClInclude Include="..\..\include\junlib\je_allocator.h" />
    <ClInclude Include="..\..\include\junlib\string_alg.h" />
    <ClInclude Include="..\..\include\junlib\util.h" />
    <ClInclude Include="..\..\include\junlib\files.h">
      <Filter>Header Files</Filter>
    </ClInclude>
    <ClInclude Include="..\..\include\junlib\je_allocator.h" />
    <ClInclude Include="..\..\include\junlib\string_alg.h" />
    <ClInclude Include="..\..\include\junlib\util.h" />
    <ClInclude Include="..\..\include\junlib\files.h">
      <Filter>Header Files</Filter>
    </ClInclude>
    <ClInclude Include="..\..\include\junlib\je_allocator.h" />
    <ClInclude Include="..\..\include\junlib\string_alg.h" />
    <ClInclude Include="..\..\include\junlib\util.h" />
    <ClInclude Include="..\..\include\junlib\files.h">
      <Filter>Header Files</Filter>
    </ClInclude>
    <ClInclude Include="..\..\include\junlib\je_allocator.h" />
    <ClInclude Include="..\..\include\junlib\string_alg.h" />
    <ClInclude Include="..\..\include\junlib\util.h" />
  </ItemGroup>
  <ItemGroup>
    <Text Include="config.txt">
      <Filter>Resource Files</Filter>
    </Text>
  </ItemGroup>
</Project>